
Microsoft Visual Studio Solution File, Format Version 12.00
# Visual Studio 15
VisualStudioVersion = 15.0.28307.960
MinimumVisualStudioVersion = 10.0.40219.1
Project("{FAE04EC0-301F-11D3-BF4B-00C04F79EFBC}") = "Common", "Common\Common.csproj", "{C5FD1360-EB92-4F36-AD48-A28CB1CB48E5}"
EndProject
Project("{FAE04EC0-301F-11D3-BF4B-00C04F79EFBC}") = "Model", "Model\Model.csproj", "{F08BF20E-CFC6-4877-8ADA-08C18C9977A4}"
EndProject
Project("{FAE04EC0-301F-11D3-BF4B-00C04F79EFBC}") = "Data", "Data\Data.csproj", "{80C1CB54-F02B-4C51-A76E-DD1981A8895E}"
EndProject
Project("{FAE04EC0-301F-11D3-BF4B-00C04F79EFBC}") = "Service", "Service\Service.csproj", "{44546D5A-FB2C-421F-8870-0C1B0D4AAB95}"
EndProject
Project("{FAE04EC0-301F-11D3-BF4B-00C04F79EFBC}") = "Test", "Test\Test.csproj", "{E591F499-054A-402A-85C5-D1B47E430757}"
EndProject
Project("{FAE04EC0-301F-11D3-BF4B-00C04F79EFBC}") = "Web", "Web\Web.csproj", "{D6589645-0A7A-4873-9F0E-FC8BFEB2DED4}"
EndProject
Global
	GlobalSection(SolutionConfigurationPlatforms) = preSolution
		Debug|Any CPU = Debug|Any CPU
		Release|Any CPU = Release|Any CPU
	EndGlobalSection
	GlobalSection(ProjectConfigurationPlatforms) = postSolution
		{C5FD1360-EB92-4F36-AD48-A28CB1CB48E5}.Debug|Any CPU.ActiveCfg = Debug|Any CPU
		{C5FD1360-EB92-4F36-AD48-A28CB1CB48E5}.Debug|Any CPU.Build.0 = Debug|Any CPU
		{C5FD1360-EB92-4F36-AD48-A28CB1CB48E5}.Release|Any CPU.ActiveCfg = Release|Any CPU
		{C5FD1360-EB92-4F36-AD48-A28CB1CB48E5}.Release|Any CPU.Build.0 = Release|Any CPU
		{F08BF20E-CFC6-4877-8ADA-08C18C9977A4}.Debug|Any CPU.ActiveCfg = Debug|Any CPU
		{F08BF20E-CFC6-4877-8ADA-08C18C9977A4}.Debug|Any CPU.Build.0 = Debug|Any CPU
		{F08BF20E-CFC6-4877-8ADA-08C18C9977A4}.Release|Any CPU.ActiveCfg = Release|Any CPU
		{F08BF20E-CFC6-4877-8ADA-08C18C9977A4}.Release|Any CPU.Build.0 = Release|Any CPU
		{80C1CB54-F02B-4C51-A76E-DD1981A8895E}.Debug|Any CPU.ActiveCfg = Debug|Any CPU
		{80C1CB54-F02B-4C51-A76E-DD1981A8895E}.Debug|Any CPU.Build.0 = Debug|Any CPU
		{80C1CB54-F02B-4C51-A76E-DD1981A8895E}.Release|Any CPU.ActiveCfg = Release|Any CPU
		{80C1CB54-F02B-4C51-A76E-DD1981A8895E}.Release|Any CPU.Build.0 = Release|Any CPU
		{44546D5A-FB2C-421F-8870-0C1B0D4AAB95}.Debug|Any CPU.ActiveCfg = Debug|Any CPU
		{44546D5A-FB2C-421F-8870-0C1B0D4AAB95}.Debug|Any CPU.Build.0 = Debug|Any CPU
		{44546D5A-FB2C-421F-8870-0C1B0D4AAB95}.Release|Any CPU.ActiveCfg = Release|Any CPU
		{44546D5A-FB2C-421F-8870-0C1B0D4AAB95}.Release|Any CPU.Build.0 = Release|Any CPU
		{E591F499-054A-402A-85C5-D1B47E430757}.Debug|Any CPU.ActiveCfg = Debug|Any CPU
		{E591F499-054A-402A-85C5-D1B47E430757}.Debug|Any CPU.Build.0 = Debug|Any CPU
		{E591F499-054A-402A-85C5-D1B47E430757}.Release|Any CPU.ActiveCfg = Release|Any CPU
		{E591F499-054A-402A-85C5-D1B47E430757}.Release|Any CPU.Build.0 = Release|Any CPU
		{D6589645-0A7A-4873-9F0E-FC8BFEB2DED4}.Debug|Any CPU.ActiveCfg = Debug|Any CPU
		{D6589645-0A7A-4873-9F0E-FC8BFEB2DED4}.Debug|Any CPU.Build.0 = Debug|Any CPU
		{D6589645-0A7A-4873-9F0E-FC8BFEB2DED4}.Release|Any CPU.ActiveCfg = Release|Any CPU
		{D6589645-0A7A-4873-9F0E-FC8BFEB2DED4}.Release|Any CPU.Build.0 = Release|Any CPU
	EndGlobalSection
	GlobalSection(SolutionProperties) = preSolution
		HideSolutionNode = FALSE
	EndGlobalSection
	GlobalSection(ExtensibilityGlobals) = postSolution
		SolutionGuid = {82B9291D-ED05-46E1-8D4A-0C98B244B5F3}
	EndGlobalSection
EndGlobal
